
Microsoft Visual Studio Solution File, Format Version 10.00
# Visual Studio 2008
Project("{FAE04EC0-301F-11D3-BF4B-00C04F79EFBC}") = "TVRemoteDemo1", "TVRemoteDemo1\TVRemoteDemo1.csproj", "{89C3B41C-47E8-49F9-87EE-4F44655C807E}"
EndProject
Global
	GlobalSection(SolutionConfigurationPlatforms) = preSolution
		Debug|Any CPU = Debug|Any CPU
		Release|Any CPU = Release|Any CPU
	EndGlobalSection
	GlobalSection(ProjectConfigurationPlatforms) = postSolution
		{89C3B41C-47E8-49F9-87EE-4F44655C807E}.Debug|Any CPU.ActiveCfg = Debug|Any CPU
		{89C3B41C-47E8-49F9-87EE-4F44655C807E}.Debug|Any CPU.Build.0 = Debug|Any CPU
		{89C3B41C-47E8-49F9-87EE-4F44655C807E}.Debug|Any CPU.Deploy.0 = Debug|Any CPU
		{89C3B41C-47E8-49F9-87EE-4F44655C807E}.Release|Any CPU.ActiveCfg = Release|Any CPU
		{89C3B41C-47E8-49F9-87EE-4F44655C807E}.Release|Any CPU.Build.0 = Release|Any CPU
		{89C3B41C-47E8-49F9-87EE-4F44655C807E}.Release|Any CPU.Deploy.0 = Release|Any CPU
	EndGlobalSection
	GlobalSection(SolutionProperties) = preSolution
		HideSolutionNode = FALSE
	EndGlobalSection
EndGlobal
