
Microsoft Visual Studio Solution File, Format Version 9.00
# Visual Studio 2005
Project("{FAE04EC0-301F-11D3-BF4B-00C04F79EFBC}") = "BanskySPOTMail", "BanskySPOTMail\BanskySPOTMail.csproj", "{CA0CB6B8-CE8F-4E69-AB8A-A3AE25C298CC}"
EndProject
Global
	GlobalSection(SolutionConfigurationPlatforms) = preSolution
		Debug|Any CPU = Debug|Any CPU
		Release|Any CPU = Release|Any CPU
	EndGlobalSection
	GlobalSection(ProjectConfigurationPlatforms) = postSolution
		{CA0CB6B8-CE8F-4E69-AB8A-A3AE25C298CC}.Debug|Any CPU.ActiveCfg = Debug|Any CPU
		{CA0CB6B8-CE8F-4E69-AB8A-A3AE25C298CC}.Debug|Any CPU.Build.0 = Debug|Any CPU
		{CA0CB6B8-CE8F-4E69-AB8A-A3AE25C298CC}.Release|Any CPU.ActiveCfg = Release|Any CPU
		{CA0CB6B8-CE8F-4E69-AB8A-A3AE25C298CC}.Release|Any CPU.Build.0 = Release|Any CPU
	EndGlobalSection
	GlobalSection(SolutionProperties) = preSolution
		HideSolutionNode = FALSE
	EndGlobalSection
EndGlobal
