
Microsoft Visual Studio Solution File, Format Version 9.00
# Visual Studio 2005
Project("{FAE04EC0-301F-11D3-BF4B-00C04F79EFBC}") = "Bansky.SPOT.LCD", "Bansky.SPOT.LCD\Bansky.SPOT.LCD.csproj", "{1AE9FE5E-4124-4A60-BA57-AAF1BADB886C}"
EndProject
Global
	GlobalSection(SolutionConfigurationPlatforms) = preSolution
		Debug|Any CPU = Debug|Any CPU
		Release|Any CPU = Release|Any CPU
	EndGlobalSection
	GlobalSection(ProjectConfigurationPlatforms) = postSolution
		{1AE9FE5E-4124-4A60-BA57-AAF1BADB886C}.Debug|Any CPU.ActiveCfg = Debug|Any CPU
		{1AE9FE5E-4124-4A60-BA57-AAF1BADB886C}.Debug|Any CPU.Build.0 = Debug|Any CPU
		{1AE9FE5E-4124-4A60-BA57-AAF1BADB886C}.Release|Any CPU.ActiveCfg = Release|Any CPU
		{1AE9FE5E-4124-4A60-BA57-AAF1BADB886C}.Release|Any CPU.Build.0 = Release|Any CPU
	EndGlobalSection
	GlobalSection(SolutionProperties) = preSolution
		HideSolutionNode = FALSE
	EndGlobalSection
EndGlobal
